
Microsoft Visual Studio Solution File, Format Version 12.00
# Visual Studio Version 17
VisualStudioVersion = 17.0.31903.59
MinimumVisualStudioVersion = 10.0.40219.1
Project("{2150E333-8FDC-42A3-9474-1A3956D46DE8}") = "apps", "apps", "{4BC848AC-36F6-48F2-9935-6EC33ED7CD49}"
EndProject
Project("{2150E333-8FDC-42A3-9474-1A3956D46DE8}") = "api", "api", "{F9FF0429-16BF-4558-B91A-5F4C8E80A799}"
EndProject
Project("{FAE04EC0-301F-11D3-BF4B-00C04F79EFBC}") = "SportCalendar.Api", "apps\api\SportCalendar.Api\SportCalendar.Api.csproj", "{3477F1CA-8F0C-43D0-BFA8-4F5A30EE9825}"
EndProject
Global
	GlobalSection(SolutionConfigurationPlatforms) = preSolution
		Debug|Any CPU = Debug|Any CPU
		Release|Any CPU = Release|Any CPU
	EndGlobalSection
	GlobalSection(SolutionProperties) = preSolution
		HideSolutionNode = FALSE
	EndGlobalSection
	GlobalSection(ProjectConfigurationPlatforms) = postSolution
		{3477F1CA-8F0C-43D0-BFA8-4F5A30EE9825}.Debug|Any CPU.ActiveCfg = Debug|Any CPU
		{3477F1CA-8F0C-43D0-BFA8-4F5A30EE9825}.Debug|Any CPU.Build.0 = Debug|Any CPU
		{3477F1CA-8F0C-43D0-BFA8-4F5A30EE9825}.Release|Any CPU.ActiveCfg = Release|Any CPU
		{3477F1CA-8F0C-43D0-BFA8-4F5A30EE9825}.Release|Any CPU.Build.0 = Release|Any CPU
	EndGlobalSection
	GlobalSection(NestedProjects) = preSolution
		{F9FF0429-16BF-4558-B91A-5F4C8E80A799} = {4BC848AC-36F6-48F2-9935-6EC33ED7CD49}
		{3477F1CA-8F0C-43D0-BFA8-4F5A30EE9825} = {F9FF0429-16BF-4558-B91A-5F4C8E80A799}
	EndGlobalSection
EndGlobal
